
Microsoft Visual Studio Solution File, Format Version 12.00
# Visual Studio Version 17
VisualStudioVersion = 17.14.36623.8
MinimumVisualStudioVersion = 10.0.40219.1
Project("{2150E333-8FDC-42A3-9474-1A3956D46DE8}") = "dNET", "dNET", "{02EA681E-C7D8-13C7-8484-4AC65E1B71E8}"
EndProject
Project("{FAE04EC0-301F-11D3-BF4B-00C04F79EFBC}") = "dNET.API", "..\..\..\frameworks\dNET\dNET\dNET.API\dNET.API.csproj", "{21146148-6423-E2CB-50FC-9C1D6838C428}"
EndProject
Project("{FAE04EC0-301F-11D3-BF4B-00C04F79EFBC}") = "dNET.Domain", "..\..\..\frameworks\dNET\dNET\dNET.Domain\dNET.Domain.csproj", "{9A2C49C0-8595-385E-CE99-E4B7D94E1079}"
EndProject
Project("{FAE04EC0-301F-11D3-BF4B-00C04F79EFBC}") = "dNET.Infrastructure", "..\..\..\frameworks\dNET\dNET\dNET.Infrastructure\dNET.Infrastructure.csproj", "{7CDCAC65-881B-504D-8346-CC71A2963E3E}"
EndProject
Project("{FAE04EC0-301F-11D3-BF4B-00C04F79EFBC}") = "dNET.IoC", "..\..\..\frameworks\dNET\dNET\dNET.IoC\dNET.IoC.csproj", "{554AF6F2-7470-EDCE-544A-A1BF7F2F563A}"
EndProject
Project("{FAE04EC0-301F-11D3-BF4B-00C04F79EFBC}") = "PortalOS.Domain", "PortalOS.Domain\PortalOS.Domain.csproj", "{7556DBC3-5A5C-4422-A921-0E88D0561266}"
EndProject
Project("{FAE04EC0-301F-11D3-BF4B-00C04F79EFBC}") = "PortalOS.API", "PortalOS.API\PortalOS.API.csproj", "{3FE68CF1-336E-4F23-A838-88A1480B2421}"
EndProject
Project("{FAE04EC0-301F-11D3-BF4B-00C04F79EFBC}") = "PortalOS.Infrastructure", "PortalOS.Infrastructure\PortalOS.Infrastructure.csproj", "{60EFF0DA-B36E-42AA-860D-C33F124F8ED2}"
EndProject
Project("{2150E333-8FDC-42A3-9474-1A3956D46DE8}") = "ORM", "ORM", "{340F937F-7CFE-44E2-B8D6-5926D60113F1}"
EndProject
Project("{FAE04EC0-301F-11D3-BF4B-00C04F79EFBC}") = "dNET.ORM.NHibernate", "..\..\..\frameworks\dNET\dNET\dNET.ORM.NHibernate\dNET.ORM.NHibernate.csproj", "{AE5C4EF2-F2A0-B7D3-55DB-EAFBD49BF439}"
EndProject
Global
	GlobalSection(SolutionConfigurationPlatforms) = preSolution
		Debug|Any CPU = Debug|Any CPU
		Release|Any CPU = Release|Any CPU
	EndGlobalSection
	GlobalSection(ProjectConfigurationPlatforms) = postSolution
		{21146148-6423-E2CB-50FC-9C1D6838C428}.Debug|Any CPU.ActiveCfg = Debug|Any CPU
		{21146148-6423-E2CB-50FC-9C1D6838C428}.Debug|Any CPU.Build.0 = Debug|Any CPU
		{21146148-6423-E2CB-50FC-9C1D6838C428}.Release|Any CPU.ActiveCfg = Release|Any CPU
		{21146148-6423-E2CB-50FC-9C1D6838C428}.Release|Any CPU.Build.0 = Release|Any CPU
		{9A2C49C0-8595-385E-CE99-E4B7D94E1079}.Debug|Any CPU.ActiveCfg = Debug|Any CPU
		{9A2C49C0-8595-385E-CE99-E4B7D94E1079}.Debug|Any CPU.Build.0 = Debug|Any CPU
		{9A2C49C0-8595-385E-CE99-E4B7D94E1079}.Release|Any CPU.ActiveCfg = Release|Any CPU
		{9A2C49C0-8595-385E-CE99-E4B7D94E1079}.Release|Any CPU.Build.0 = Release|Any CPU
		{7CDCAC65-881B-504D-8346-CC71A2963E3E}.Debug|Any CPU.ActiveCfg = Debug|Any CPU
		{7CDCAC65-881B-504D-8346-CC71A2963E3E}.Debug|Any CPU.Build.0 = Debug|Any CPU
		{7CDCAC65-881B-504D-8346-CC71A2963E3E}.Release|Any CPU.ActiveCfg = Release|Any CPU
		{7CDCAC65-881B-504D-8346-CC71A2963E3E}.Release|Any CPU.Build.0 = Release|Any CPU
		{554AF6F2-7470-EDCE-544A-A1BF7F2F563A}.Debug|Any CPU.ActiveCfg = Debug|Any CPU
		{554AF6F2-7470-EDCE-544A-A1BF7F2F563A}.Debug|Any CPU.Build.0 = Debug|Any CPU
		{554AF6F2-7470-EDCE-544A-A1BF7F2F563A}.Release|Any CPU.ActiveCfg = Release|Any CPU
		{554AF6F2-7470-EDCE-544A-A1BF7F2F563A}.Release|Any CPU.Build.0 = Release|Any CPU
		{7556DBC3-5A5C-4422-A921-0E88D0561266}.Debug|Any CPU.ActiveCfg = Debug|Any CPU
		{7556DBC3-5A5C-4422-A921-0E88D0561266}.Debug|Any CPU.Build.0 = Debug|Any CPU
		{7556DBC3-5A5C-4422-A921-0E88D0561266}.Release|Any CPU.ActiveCfg = Release|Any CPU
		{7556DBC3-5A5C-4422-A921-0E88D0561266}.Release|Any CPU.Build.0 = Release|Any CPU
		{3FE68CF1-336E-4F23-A838-88A1480B2421}.Debug|Any CPU.ActiveCfg = Debug|Any CPU
		{3FE68CF1-336E-4F23-A838-88A1480B2421}.Debug|Any CPU.Build.0 = Debug|Any CPU
		{3FE68CF1-336E-4F23-A838-88A1480B2421}.Release|Any CPU.ActiveCfg = Release|Any CPU
		{3FE68CF1-336E-4F23-A838-88A1480B2421}.Release|Any CPU.Build.0 = Release|Any CPU
		{60EFF0DA-B36E-42AA-860D-C33F124F8ED2}.Debug|Any CPU.ActiveCfg = Debug|Any CPU
		{60EFF0DA-B36E-42AA-860D-C33F124F8ED2}.Debug|Any CPU.Build.0 = Debug|Any CPU
		{60EFF0DA-B36E-42AA-860D-C33F124F8ED2}.Release|Any CPU.ActiveCfg = Release|Any CPU
		{60EFF0DA-B36E-42AA-860D-C33F124F8ED2}.Release|Any CPU.Build.0 = Release|Any CPU
		{AE5C4EF2-F2A0-B7D3-55DB-EAFBD49BF439}.Debug|Any CPU.ActiveCfg = Debug|Any CPU
		{AE5C4EF2-F2A0-B7D3-55DB-EAFBD49BF439}.Debug|Any CPU.Build.0 = Debug|Any CPU
		{AE5C4EF2-F2A0-B7D3-55DB-EAFBD49BF439}.Release|Any CPU.ActiveCfg = Release|Any CPU
		{AE5C4EF2-F2A0-B7D3-55DB-EAFBD49BF439}.Release|Any CPU.Build.0 = Release|Any CPU
	EndGlobalSection
	GlobalSection(SolutionProperties) = preSolution
		HideSolutionNode = FALSE
	EndGlobalSection
	GlobalSection(NestedProjects) = preSolution
		{21146148-6423-E2CB-50FC-9C1D6838C428} = {02EA681E-C7D8-13C7-8484-4AC65E1B71E8}
		{9A2C49C0-8595-385E-CE99-E4B7D94E1079} = {02EA681E-C7D8-13C7-8484-4AC65E1B71E8}
		{7CDCAC65-881B-504D-8346-CC71A2963E3E} = {02EA681E-C7D8-13C7-8484-4AC65E1B71E8}
		{554AF6F2-7470-EDCE-544A-A1BF7F2F563A} = {02EA681E-C7D8-13C7-8484-4AC65E1B71E8}
		{340F937F-7CFE-44E2-B8D6-5926D60113F1} = {02EA681E-C7D8-13C7-8484-4AC65E1B71E8}
		{AE5C4EF2-F2A0-B7D3-55DB-EAFBD49BF439} = {340F937F-7CFE-44E2-B8D6-5926D60113F1}
	EndGlobalSection
	GlobalSection(ExtensibilityGlobals) = postSolution
		SolutionGuid = {7E09271A-3AEC-4AC7-B30E-246AC673CF36}
	EndGlobalSection
EndGlobal
